
Microsoft Visual Studio Solution File, Format Version 12.00
# Visual Studio 15
VisualStudioVersion = 15.0.26730.16
MinimumVisualStudioVersion = 10.0.40219.1
Project("{2150E333-8FDC-42A3-9474-1A3956D46DE8}") = "0 - Presentation", "0 - Presentation", "{D1854770-29FB-4A7E-B832-1F2EEDFD4786}"
EndProject
Project("{FAE04EC0-301F-11D3-BF4B-00C04F79EFBC}") = "KS.StarWars.Presentation.UI.MainConsoleApp", "src\KS.StarWars.Presentation.UI.MainConsoleApp\KS.StarWars.Presentation.UI.MainConsoleApp.csproj", "{45A3BE37-E3DA-4A83-9099-C12E07C9C352}"
EndProject
Project("{2150E333-8FDC-42A3-9474-1A3956D46DE8}") = "1 - Application", "1 - Application", "{546C781F-26EF-4E70-8E42-28CA967FE973}"
EndProject
Project("{2150E333-8FDC-42A3-9474-1A3956D46DE8}") = "2 - Domain", "2 - Domain", "{5B68F598-7F5C-4912-A3D1-CAB3C0641FFE}"
EndProject
Project("{2150E333-8FDC-42A3-9474-1A3956D46DE8}") = "3 - Infra", "3 - Infra", "{01C0F97F-4230-455A-A527-60ACCACF2BFD}"
EndProject
Project("{2150E333-8FDC-42A3-9474-1A3956D46DE8}") = "3.1 - Data", "3.1 - Data", "{FFE1C0BF-BD92-47B4-9ADC-F6B1233BB64E}"
EndProject
Project("{2150E333-8FDC-42A3-9474-1A3956D46DE8}") = "3.2 - CrossCutting", "3.2 - CrossCutting", "{EF296C6C-CE31-4460-96C2-2B9CDFF930BC}"
EndProject
Project("{FAE04EC0-301F-11D3-BF4B-00C04F79EFBC}") = "KS.StarWars.Domain", "src\KS.StarWars.Domain\KS.StarWars.Domain.csproj", "{CFB93BDF-575A-4E43-88D3-97A2BAACFA6D}"
EndProject
Project("{FAE04EC0-301F-11D3-BF4B-00C04F79EFBC}") = "KS.StarWars.Domain.Tests", "src\KS.StarWars.Domain.Tests\KS.StarWars.Domain.Tests.csproj", "{9B99A91B-A77E-4AF7-A86D-F7E89A392A05}"
EndProject
Project("{FAE04EC0-301F-11D3-BF4B-00C04F79EFBC}") = "KS.StarWars.Data", "src\KS.StarWars.Data\KS.StarWars.Data.csproj", "{75EBC441-124C-41D5-8C3B-8F04ACF9C394}"
EndProject
Project("{FAE04EC0-301F-11D3-BF4B-00C04F79EFBC}") = "KS.StarWars.Data.Tests", "src\KS.StarWars.Data.Tests\KS.StarWars.Data.Tests.csproj", "{8832E8AD-BF70-43F3-886C-AA2283DF8FB3}"
EndProject
Global
	GlobalSection(SolutionConfigurationPlatforms) = preSolution
		Debug|Any CPU = Debug|Any CPU
		Release|Any CPU = Release|Any CPU
	EndGlobalSection
	GlobalSection(ProjectConfigurationPlatforms) = postSolution
		{45A3BE37-E3DA-4A83-9099-C12E07C9C352}.Debug|Any CPU.ActiveCfg = Debug|Any CPU
		{45A3BE37-E3DA-4A83-9099-C12E07C9C352}.Debug|Any CPU.Build.0 = Debug|Any CPU
		{45A3BE37-E3DA-4A83-9099-C12E07C9C352}.Release|Any CPU.ActiveCfg = Release|Any CPU
		{45A3BE37-E3DA-4A83-9099-C12E07C9C352}.Release|Any CPU.Build.0 = Release|Any CPU
		{CFB93BDF-575A-4E43-88D3-97A2BAACFA6D}.Debug|Any CPU.ActiveCfg = Debug|Any CPU
		{CFB93BDF-575A-4E43-88D3-97A2BAACFA6D}.Debug|Any CPU.Build.0 = Debug|Any CPU
		{CFB93BDF-575A-4E43-88D3-97A2BAACFA6D}.Release|Any CPU.ActiveCfg = Release|Any CPU
		{CFB93BDF-575A-4E43-88D3-97A2BAACFA6D}.Release|Any CPU.Build.0 = Release|Any CPU
		{9B99A91B-A77E-4AF7-A86D-F7E89A392A05}.Debug|Any CPU.ActiveCfg = Debug|Any CPU
		{9B99A91B-A77E-4AF7-A86D-F7E89A392A05}.Debug|Any CPU.Build.0 = Debug|Any CPU
		{9B99A91B-A77E-4AF7-A86D-F7E89A392A05}.Release|Any CPU.ActiveCfg = Release|Any CPU
		{9B99A91B-A77E-4AF7-A86D-F7E89A392A05}.Release|Any CPU.Build.0 = Release|Any CPU
		{75EBC441-124C-41D5-8C3B-8F04ACF9C394}.Debug|Any CPU.ActiveCfg = Debug|Any CPU
		{75EBC441-124C-41D5-8C3B-8F04ACF9C394}.Debug|Any CPU.Build.0 = Debug|Any CPU
		{75EBC441-124C-41D5-8C3B-8F04ACF9C394}.Release|Any CPU.ActiveCfg = Release|Any CPU
		{75EBC441-124C-41D5-8C3B-8F04ACF9C394}.Release|Any CPU.Build.0 = Release|Any CPU
		{8832E8AD-BF70-43F3-886C-AA2283DF8FB3}.Debug|Any CPU.ActiveCfg = Debug|Any CPU
		{8832E8AD-BF70-43F3-886C-AA2283DF8FB3}.Debug|Any CPU.Build.0 = Debug|Any CPU
		{8832E8AD-BF70-43F3-886C-AA2283DF8FB3}.Release|Any CPU.ActiveCfg = Release|Any CPU
		{8832E8AD-BF70-43F3-886C-AA2283DF8FB3}.Release|Any CPU.Build.0 = Release|Any CPU
	EndGlobalSection
	GlobalSection(SolutionProperties) = preSolution
		HideSolutionNode = FALSE
	EndGlobalSection
	GlobalSection(NestedProjects) = preSolution
		{45A3BE37-E3DA-4A83-9099-C12E07C9C352} = {D1854770-29FB-4A7E-B832-1F2EEDFD4786}
		{FFE1C0BF-BD92-47B4-9ADC-F6B1233BB64E} = {01C0F97F-4230-455A-A527-60ACCACF2BFD}
		{EF296C6C-CE31-4460-96C2-2B9CDFF930BC} = {01C0F97F-4230-455A-A527-60ACCACF2BFD}
		{CFB93BDF-575A-4E43-88D3-97A2BAACFA6D} = {5B68F598-7F5C-4912-A3D1-CAB3C0641FFE}
		{9B99A91B-A77E-4AF7-A86D-F7E89A392A05} = {5B68F598-7F5C-4912-A3D1-CAB3C0641FFE}
		{75EBC441-124C-41D5-8C3B-8F04ACF9C394} = {FFE1C0BF-BD92-47B4-9ADC-F6B1233BB64E}
		{8832E8AD-BF70-43F3-886C-AA2283DF8FB3} = {FFE1C0BF-BD92-47B4-9ADC-F6B1233BB64E}
	EndGlobalSection
	GlobalSection(ExtensibilityGlobals) = postSolution
		SolutionGuid = {80EDF3A7-8AD4-4516-976F-E932AAABC1EA}
	EndGlobalSection
EndGlobal
